
Microsoft Visual Studio Solution File, Format Version 12.00
# Visual Studio 15
VisualStudioVersion = 15.0.27703.2042
MinimumVisualStudioVersion = 10.0.40219.1
Project("{FAE04EC0-301F-11D3-BF4B-00C04F79EFBC}") = "TestTokenow", "TestTokenow\TestTokenow.csproj", "{9FF9D1D1-92F1-4815-8FB2-DA9127A75D5D}"
EndProject
Global
	GlobalSection(SolutionConfigurationPlatforms) = preSolution
		Debug|Any CPU = Debug|Any CPU
		Release|Any CPU = Release|Any CPU
	EndGlobalSection
	GlobalSection(ProjectConfigurationPlatforms) = postSolution
		{9FF9D1D1-92F1-4815-8FB2-DA9127A75D5D}.Debug|Any CPU.ActiveCfg = Debug|Any CPU
		{9FF9D1D1-92F1-4815-8FB2-DA9127A75D5D}.Debug|Any CPU.Build.0 = Debug|Any CPU
		{9FF9D1D1-92F1-4815-8FB2-DA9127A75D5D}.Release|Any CPU.ActiveCfg = Release|Any CPU
		{9FF9D1D1-92F1-4815-8FB2-DA9127A75D5D}.Release|Any CPU.Build.0 = Release|Any CPU
	EndGlobalSection
	GlobalSection(SolutionProperties) = preSolution
		HideSolutionNode = FALSE
	EndGlobalSection
	GlobalSection(ExtensibilityGlobals) = postSolution
		SolutionGuid = {CCD26A80-40B9-4283-B2E7-64A07E34A6C3}
	EndGlobalSection
EndGlobal
